
Microsoft Visual Studio Solution File, Format Version 12.00
# Visual Studio Version 16
VisualStudioVersion = 16.0.31702.278
MinimumVisualStudioVersion = 10.0.40219.1
Project("{FAE04EC0-301F-11D3-BF4B-00C04F79EFBC}") = "KermesseApp", "KermesseApp\KermesseApp.csproj", "{C40F9D65-3011-440C-A11D-D59013D6FFF2}"
EndProject
Global
	GlobalSection(SolutionConfigurationPlatforms) = preSolution
		Debug|Any CPU = Debug|Any CPU
		Release|Any CPU = Release|Any CPU
	EndGlobalSection
	GlobalSection(ProjectConfigurationPlatforms) = postSolution
		{C40F9D65-3011-440C-A11D-D59013D6FFF2}.Debug|Any CPU.ActiveCfg = Debug|Any CPU
		{C40F9D65-3011-440C-A11D-D59013D6FFF2}.Debug|Any CPU.Build.0 = Debug|Any CPU
		{C40F9D65-3011-440C-A11D-D59013D6FFF2}.Release|Any CPU.ActiveCfg = Release|Any CPU
		{C40F9D65-3011-440C-A11D-D59013D6FFF2}.Release|Any CPU.Build.0 = Release|Any CPU
	EndGlobalSection
	GlobalSection(SolutionProperties) = preSolution
		HideSolutionNode = FALSE
	EndGlobalSection
	GlobalSection(ExtensibilityGlobals) = postSolution
		SolutionGuid = {50A65E30-70A0-4280-922D-A0AA2C7B1990}
	EndGlobalSection
EndGlobal
